
Microsoft Visual Studio Solution File, Format Version 11.00
# Visual C++ Express 2010
Project("{8BC9CEB8-8B4A-11D0-8D11-00A0C91BC942}") = "log", "log\log.vcxproj", "{DD208724-5CB6-42EE-8AA8-19DF9D90666E}"
EndProject
Project("{8BC9CEB8-8B4A-11D0-8D11-00A0C91BC942}") = "rtds", "rtds\rtds.vcxproj", "{A37210BA-3EE3-4B13-82B1-746A940291CE}"
EndProject
Project("{8BC9CEB8-8B4A-11D0-8D11-00A0C91BC942}") = "test_control", "control\test_control.vcxproj", "{15AF3490-5381-41DB-BF10-20D10ED6C439}"
	ProjectSection(ProjectDependencies) = postProject
		{E0065009-40FE-410C-9852-A01FE290548D} = {E0065009-40FE-410C-9852-A01FE290548D}
		{DD208724-5CB6-42EE-8AA8-19DF9D90666E} = {DD208724-5CB6-42EE-8AA8-19DF9D90666E}
		{A37210BA-3EE3-4B13-82B1-746A940291CE} = {A37210BA-3EE3-4B13-82B1-746A940291CE}
	EndProjectSection
EndProject
Project("{8BC9CEB8-8B4A-11D0-8D11-00A0C91BC942}") = "control", "control\control.vcxproj", "{E0065009-40FE-410C-9852-A01FE290548D}"
EndProject
Project("{8BC9CEB8-8B4A-11D0-8D11-00A0C91BC942}") = "qs", "ThirdParty\qpc\ports\80x86\win32\vc2008\qs.vcxproj", "{0ADEBED1-FA83-4CA9-B4AC-19B40F9FD72E}"
EndProject
Project("{8BC9CEB8-8B4A-11D0-8D11-00A0C91BC942}") = "qf", "ThirdParty\qpc\ports\80x86\win32\vc2008\qf.vcxproj", "{CE6D638D-5EFF-4CE5-B7C1-0F47C5135273}"
EndProject
Project("{8BC9CEB8-8B4A-11D0-8D11-00A0C91BC942}") = "qep", "ThirdParty\qpc\ports\80x86\win32\vc2008\qep.vcxproj", "{911FC3F3-FE52-45B3-8249-E5F7C6F952CE}"
EndProject
Project("{8BC9CEB8-8B4A-11D0-8D11-00A0C91BC942}") = "all_qp", "ThirdParty\qpc\ports\80x86\win32\vc2008\all_qp.vcxproj", "{E57640B5-E49F-4FA1-92E5-8B133AF88281}"
EndProject
Project("{8BC9CEB8-8B4A-11D0-8D11-00A0C91BC942}") = "dpp", "ThirdParty\qpc\examples\80x86\win32\vc2008\dpp\dpp.vcxproj", "{2E00306A-DFF2-489E-BAF9-4DE75D990BA8}"
	ProjectSection(ProjectDependencies) = postProject
		{E57640B5-E49F-4FA1-92E5-8B133AF88281} = {E57640B5-E49F-4FA1-92E5-8B133AF88281}
	EndProjectSection
EndProject
Project("{8BC9CEB8-8B4A-11D0-8D11-00A0C91BC942}") = "qspy", "ThirdParty\qtools\qspy\win32\vc2008\qspy.vcxproj", "{8DD6B2B1-2196-4357-BF33-4D1291D2762C}"
EndProject
Project("{8BC9CEB8-8B4A-11D0-8D11-00A0C91BC942}") = "HSMCLoop", "control\HSMCLoop.vcxproj", "{63EF2CD4-C82B-4A9D-A209-403A1F44711A}"
	ProjectSection(ProjectDependencies) = postProject
		{CE6D638D-5EFF-4CE5-B7C1-0F47C5135273} = {CE6D638D-5EFF-4CE5-B7C1-0F47C5135273}
		{0ADEBED1-FA83-4CA9-B4AC-19B40F9FD72E} = {0ADEBED1-FA83-4CA9-B4AC-19B40F9FD72E}
		{911FC3F3-FE52-45B3-8249-E5F7C6F952CE} = {911FC3F3-FE52-45B3-8249-E5F7C6F952CE}
	EndProjectSection
EndProject
Project("{8BC9CEB8-8B4A-11D0-8D11-00A0C91BC942}") = "test_clib", "test_clib\test_clib.vcxproj", "{2C675F3D-C01D-4A13-8C7A-DA1ACAFED0CF}"
EndProject
Global
	GlobalSection(SolutionConfigurationPlatforms) = preSolution
		Debug|Win32 = Debug|Win32
		Release|Win32 = Release|Win32
		Spy|Win32 = Spy|Win32
	EndGlobalSection
	GlobalSection(ProjectConfigurationPlatforms) = postSolution
		{DD208724-5CB6-42EE-8AA8-19DF9D90666E}.Debug|Win32.ActiveCfg = Debug|Win32
		{DD208724-5CB6-42EE-8AA8-19DF9D90666E}.Debug|Win32.Build.0 = Debug|Win32
		{DD208724-5CB6-42EE-8AA8-19DF9D90666E}.Release|Win32.ActiveCfg = Release|Win32
		{DD208724-5CB6-42EE-8AA8-19DF9D90666E}.Release|Win32.Build.0 = Release|Win32
		{DD208724-5CB6-42EE-8AA8-19DF9D90666E}.Spy|Win32.ActiveCfg = Release|Win32
		{DD208724-5CB6-42EE-8AA8-19DF9D90666E}.Spy|Win32.Build.0 = Release|Win32
		{A37210BA-3EE3-4B13-82B1-746A940291CE}.Debug|Win32.ActiveCfg = Debug|Win32
		{A37210BA-3EE3-4B13-82B1-746A940291CE}.Debug|Win32.Build.0 = Debug|Win32
		{A37210BA-3EE3-4B13-82B1-746A940291CE}.Release|Win32.ActiveCfg = Release|Win32
		{A37210BA-3EE3-4B13-82B1-746A940291CE}.Release|Win32.Build.0 = Release|Win32
		{A37210BA-3EE3-4B13-82B1-746A940291CE}.Spy|Win32.ActiveCfg = Release|Win32
		{A37210BA-3EE3-4B13-82B1-746A940291CE}.Spy|Win32.Build.0 = Release|Win32
		{15AF3490-5381-41DB-BF10-20D10ED6C439}.Debug|Win32.ActiveCfg = Debug|Win32
		{15AF3490-5381-41DB-BF10-20D10ED6C439}.Debug|Win32.Build.0 = Debug|Win32
		{15AF3490-5381-41DB-BF10-20D10ED6C439}.Release|Win32.ActiveCfg = Release|Win32
		{15AF3490-5381-41DB-BF10-20D10ED6C439}.Release|Win32.Build.0 = Release|Win32
		{15AF3490-5381-41DB-BF10-20D10ED6C439}.Spy|Win32.ActiveCfg = Release|Win32
		{15AF3490-5381-41DB-BF10-20D10ED6C439}.Spy|Win32.Build.0 = Release|Win32
		{E0065009-40FE-410C-9852-A01FE290548D}.Debug|Win32.ActiveCfg = Debug|Win32
		{E0065009-40FE-410C-9852-A01FE290548D}.Debug|Win32.Build.0 = Debug|Win32
		{E0065009-40FE-410C-9852-A01FE290548D}.Release|Win32.ActiveCfg = Release|Win32
		{E0065009-40FE-410C-9852-A01FE290548D}.Release|Win32.Build.0 = Release|Win32
		{E0065009-40FE-410C-9852-A01FE290548D}.Spy|Win32.ActiveCfg = Release|Win32
		{E0065009-40FE-410C-9852-A01FE290548D}.Spy|Win32.Build.0 = Release|Win32
		{0ADEBED1-FA83-4CA9-B4AC-19B40F9FD72E}.Debug|Win32.ActiveCfg = Spy|Win32
		{0ADEBED1-FA83-4CA9-B4AC-19B40F9FD72E}.Debug|Win32.Build.0 = Spy|Win32
		{0ADEBED1-FA83-4CA9-B4AC-19B40F9FD72E}.Release|Win32.ActiveCfg = Spy|Win32
		{0ADEBED1-FA83-4CA9-B4AC-19B40F9FD72E}.Release|Win32.Build.0 = Spy|Win32
		{0ADEBED1-FA83-4CA9-B4AC-19B40F9FD72E}.Spy|Win32.ActiveCfg = Spy|Win32
		{0ADEBED1-FA83-4CA9-B4AC-19B40F9FD72E}.Spy|Win32.Build.0 = Spy|Win32
		{CE6D638D-5EFF-4CE5-B7C1-0F47C5135273}.Debug|Win32.ActiveCfg = Debug|Win32
		{CE6D638D-5EFF-4CE5-B7C1-0F47C5135273}.Debug|Win32.Build.0 = Debug|Win32
		{CE6D638D-5EFF-4CE5-B7C1-0F47C5135273}.Release|Win32.ActiveCfg = Release|Win32
		{CE6D638D-5EFF-4CE5-B7C1-0F47C5135273}.Release|Win32.Build.0 = Release|Win32
		{CE6D638D-5EFF-4CE5-B7C1-0F47C5135273}.Spy|Win32.ActiveCfg = Spy|Win32
		{CE6D638D-5EFF-4CE5-B7C1-0F47C5135273}.Spy|Win32.Build.0 = Spy|Win32
		{911FC3F3-FE52-45B3-8249-E5F7C6F952CE}.Debug|Win32.ActiveCfg = Debug|Win32
		{911FC3F3-FE52-45B3-8249-E5F7C6F952CE}.Debug|Win32.Build.0 = Debug|Win32
		{911FC3F3-FE52-45B3-8249-E5F7C6F952CE}.Release|Win32.ActiveCfg = Release|Win32
		{911FC3F3-FE52-45B3-8249-E5F7C6F952CE}.Release|Win32.Build.0 = Release|Win32
		{911FC3F3-FE52-45B3-8249-E5F7C6F952CE}.Spy|Win32.ActiveCfg = Spy|Win32
		{911FC3F3-FE52-45B3-8249-E5F7C6F952CE}.Spy|Win32.Build.0 = Spy|Win32
		{E57640B5-E49F-4FA1-92E5-8B133AF88281}.Debug|Win32.ActiveCfg = Debug|Win32
		{E57640B5-E49F-4FA1-92E5-8B133AF88281}.Debug|Win32.Build.0 = Debug|Win32
		{E57640B5-E49F-4FA1-92E5-8B133AF88281}.Release|Win32.ActiveCfg = Release|Win32
		{E57640B5-E49F-4FA1-92E5-8B133AF88281}.Release|Win32.Build.0 = Release|Win32
		{E57640B5-E49F-4FA1-92E5-8B133AF88281}.Spy|Win32.ActiveCfg = Spy|Win32
		{E57640B5-E49F-4FA1-92E5-8B133AF88281}.Spy|Win32.Build.0 = Spy|Win32
		{2E00306A-DFF2-489E-BAF9-4DE75D990BA8}.Debug|Win32.ActiveCfg = Debug|Win32
		{2E00306A-DFF2-489E-BAF9-4DE75D990BA8}.Debug|Win32.Build.0 = Debug|Win32
		{2E00306A-DFF2-489E-BAF9-4DE75D990BA8}.Release|Win32.ActiveCfg = Release|Win32
		{2E00306A-DFF2-489E-BAF9-4DE75D990BA8}.Release|Win32.Build.0 = Release|Win32
		{2E00306A-DFF2-489E-BAF9-4DE75D990BA8}.Spy|Win32.ActiveCfg = Spy|Win32
		{2E00306A-DFF2-489E-BAF9-4DE75D990BA8}.Spy|Win32.Build.0 = Spy|Win32
		{8DD6B2B1-2196-4357-BF33-4D1291D2762C}.Debug|Win32.ActiveCfg = Debug|Win32
		{8DD6B2B1-2196-4357-BF33-4D1291D2762C}.Debug|Win32.Build.0 = Debug|Win32
		{8DD6B2B1-2196-4357-BF33-4D1291D2762C}.Release|Win32.ActiveCfg = Release|Win32
		{8DD6B2B1-2196-4357-BF33-4D1291D2762C}.Release|Win32.Build.0 = Release|Win32
		{8DD6B2B1-2196-4357-BF33-4D1291D2762C}.Spy|Win32.ActiveCfg = Release|Win32
		{8DD6B2B1-2196-4357-BF33-4D1291D2762C}.Spy|Win32.Build.0 = Release|Win32
		{63EF2CD4-C82B-4A9D-A209-403A1F44711A}.Debug|Win32.ActiveCfg = Debug|Win32
		{63EF2CD4-C82B-4A9D-A209-403A1F44711A}.Debug|Win32.Build.0 = Debug|Win32
		{63EF2CD4-C82B-4A9D-A209-403A1F44711A}.Release|Win32.ActiveCfg = Release|Win32
		{63EF2CD4-C82B-4A9D-A209-403A1F44711A}.Release|Win32.Build.0 = Release|Win32
		{63EF2CD4-C82B-4A9D-A209-403A1F44711A}.Spy|Win32.ActiveCfg = Release|Win32
		{63EF2CD4-C82B-4A9D-A209-403A1F44711A}.Spy|Win32.Build.0 = Release|Win32
		{2C675F3D-C01D-4A13-8C7A-DA1ACAFED0CF}.Debug|Win32.ActiveCfg = Debug|Win32
		{2C675F3D-C01D-4A13-8C7A-DA1ACAFED0CF}.Debug|Win32.Build.0 = Debug|Win32
		{2C675F3D-C01D-4A13-8C7A-DA1ACAFED0CF}.Release|Win32.ActiveCfg = Release|Win32
		{2C675F3D-C01D-4A13-8C7A-DA1ACAFED0CF}.Release|Win32.Build.0 = Release|Win32
		{2C675F3D-C01D-4A13-8C7A-DA1ACAFED0CF}.Spy|Win32.ActiveCfg = Release|Win32
		{2C675F3D-C01D-4A13-8C7A-DA1ACAFED0CF}.Spy|Win32.Build.0 = Release|Win32
	EndGlobalSection
	GlobalSection(SolutionProperties) = preSolution
		HideSolutionNode = FALSE
	EndGlobalSection
EndGlobal
